
Microsoft Visual Studio Solution File, Format Version 12.00
# Visual Studio Version 17
VisualStudioVersion = 17.11.35327.3
MinimumVisualStudioVersion = 10.0.40219.1
Project("{FAE04EC0-301F-11D3-BF4B-00C04F79EFBC}") = "ДЗ", "Realy DZ RAIS FAZYLOV 8.11.24\ДЗ.csproj", "{ED4A5FC1-73A3-4BC2-BF12-212994548B25}"
EndProject
Project("{FAE04EC0-301F-11D3-BF4B-00C04F79EFBC}") = "Lab Tumakov", "Lab Tumakov\Lab Tumakov.csproj", "{E738F4E5-6544-4BF9-9CF3-E67FD3BAFA67}"
EndProject
Global
	GlobalSection(SolutionConfigurationPlatforms) = preSolution
		Debug|Any CPU = Debug|Any CPU
		Release|Any CPU = Release|Any CPU
	EndGlobalSection
	GlobalSection(ProjectConfigurationPlatforms) = postSolution
		{ED4A5FC1-73A3-4BC2-BF12-212994548B25}.Debug|Any CPU.ActiveCfg = Debug|Any CPU
		{ED4A5FC1-73A3-4BC2-BF12-212994548B25}.Debug|Any CPU.Build.0 = Debug|Any CPU
		{ED4A5FC1-73A3-4BC2-BF12-212994548B25}.Release|Any CPU.ActiveCfg = Release|Any CPU
		{ED4A5FC1-73A3-4BC2-BF12-212994548B25}.Release|Any CPU.Build.0 = Release|Any CPU
		{E738F4E5-6544-4BF9-9CF3-E67FD3BAFA67}.Debug|Any CPU.ActiveCfg = Debug|Any CPU
		{E738F4E5-6544-4BF9-9CF3-E67FD3BAFA67}.Debug|Any CPU.Build.0 = Debug|Any CPU
		{E738F4E5-6544-4BF9-9CF3-E67FD3BAFA67}.Release|Any CPU.ActiveCfg = Release|Any CPU
		{E738F4E5-6544-4BF9-9CF3-E67FD3BAFA67}.Release|Any CPU.Build.0 = Release|Any CPU
	EndGlobalSection
	GlobalSection(SolutionProperties) = preSolution
		HideSolutionNode = FALSE
	EndGlobalSection
	GlobalSection(ExtensibilityGlobals) = postSolution
		SolutionGuid = {57E5DC3F-0417-4C2D-8384-B78E23CA7D66}
	EndGlobalSection
EndGlobal
